
Microsoft Visual Studio Solution File, Format Version 12.00
# Visual Studio Version 17
VisualStudioVersion = 17.14.36202.13
MinimumVisualStudioVersion = 10.0.40219.1
Project("{FAE04EC0-301F-11D3-BF4B-00C04F79EFBC}") = "NúmeroParImpar", "..\NúmeroParImpar\NúmeroParImpar.csproj", "{7CD5AD9D-2BC9-43AE-AE51-2A58247FD794}"
EndProject
Global
	GlobalSection(SolutionConfigurationPlatforms) = preSolution
		Debug|Any CPU = Debug|Any CPU
		Release|Any CPU = Release|Any CPU
	EndGlobalSection
	GlobalSection(ProjectConfigurationPlatforms) = postSolution
		{7CD5AD9D-2BC9-43AE-AE51-2A58247FD794}.Debug|Any CPU.ActiveCfg = Debug|Any CPU
		{7CD5AD9D-2BC9-43AE-AE51-2A58247FD794}.Debug|Any CPU.Build.0 = Debug|Any CPU
		{7CD5AD9D-2BC9-43AE-AE51-2A58247FD794}.Release|Any CPU.ActiveCfg = Release|Any CPU
		{7CD5AD9D-2BC9-43AE-AE51-2A58247FD794}.Release|Any CPU.Build.0 = Release|Any CPU
	EndGlobalSection
	GlobalSection(SolutionProperties) = preSolution
		HideSolutionNode = FALSE
	EndGlobalSection
	GlobalSection(ExtensibilityGlobals) = postSolution
		SolutionGuid = {F75272AD-EE01-44EC-9A85-169DB74FC62B}
	EndGlobalSection
EndGlobal
